
Microsoft Visual Studio Solution File, Format Version 12.00
# Visual Studio 2013
VisualStudioVersion = 12.0.21005.1
MinimumVisualStudioVersion = 10.0.40219.1
Project("{F184B08F-C81C-45F6-A57F-5ABD9991F28F}") = "WindowsApplication5", "WindowsApplication5\WindowsApplication5.vbproj", "{B872BEA6-BA01-42AC-9E90-908C778C4BAB}"
EndProject
Global
	GlobalSection(SolutionConfigurationPlatforms) = preSolution
		Debug|Any CPU = Debug|Any CPU
		Debug|x64 = Debug|x64
		Release|Any CPU = Release|Any CPU
		Release|x64 = Release|x64
	EndGlobalSection
	GlobalSection(ProjectConfigurationPlatforms) = postSolution
		{B872BEA6-BA01-42AC-9E90-908C778C4BAB}.Debug|Any CPU.ActiveCfg = Debug|Any CPU
		{B872BEA6-BA01-42AC-9E90-908C778C4BAB}.Debug|Any CPU.Build.0 = Debug|Any CPU
		{B872BEA6-BA01-42AC-9E90-908C778C4BAB}.Debug|x64.ActiveCfg = Debug|x64
		{B872BEA6-BA01-42AC-9E90-908C778C4BAB}.Debug|x64.Build.0 = Debug|x64
		{B872BEA6-BA01-42AC-9E90-908C778C4BAB}.Release|Any CPU.ActiveCfg = Release|Any CPU
		{B872BEA6-BA01-42AC-9E90-908C778C4BAB}.Release|Any CPU.Build.0 = Release|Any CPU
		{B872BEA6-BA01-42AC-9E90-908C778C4BAB}.Release|x64.ActiveCfg = Release|x64
		{B872BEA6-BA01-42AC-9E90-908C778C4BAB}.Release|x64.Build.0 = Release|x64
	EndGlobalSection
	GlobalSection(SolutionProperties) = preSolution
		HideSolutionNode = FALSE
	EndGlobalSection
EndGlobal
